// !$*UTF8*$!
{
	archiveVersion = 1;
	classes = {
	};
	objectVersion = 50;
	objects = {

/* Begin PBXBuildFile section */
		13BBF1642480AA5700A0602E /* AppDelegate.swift in Sources */ = {isa = PBXBuildFile; fileRef = 13BBF1632480AA5700A0602E /* AppDelegate.swift */; };
		13BBF1662480AA5700A0602E /* SceneDelegate.swift in Sources */ = {isa = PBXBuildFile; fileRef = 13BBF1652480AA5700A0602E /* SceneDelegate.swift */; };
		13BBF1682480AA5700A0602E /* ContentView.swift in Sources */ = {isa = PBXBuildFile; fileRef = 13BBF1672480AA5700A0602E /* ContentView.swift */; };
		13BBF16A2480AA5A00A0602E /* Assets.xcassets in Resources */ = {isa = PBXBuildFile; fileRef = 13BBF1692480AA5A00A0602E /* Assets.xcassets */; };
		13BBF16D2480AA5A00A0602E /* Preview Assets.xcassets in Resources */ = {isa = PBXBuildFile; fileRef = 13BBF16C2480AA5A00A0602E /* Preview Assets.xcassets */; };
		13BBF1702480AA5A00A0602E /* LaunchScreen.storyboard in Resources */ = {isa = PBXBuildFile; fileRef = 13BBF16E2480AA5A00A0602E /* LaunchScreen.storyboard */; };
		13BBF17B2480E49700A0602E /* CarplayContentView.swift in Sources */ = {isa = PBXBuildFile; fileRef = 13BBF17A2480E49700A0602E /* CarplayContentView.swift */; };
		13BBF17D2480E50000A0602E /* CarplaySceneDelegate.swift in Sources */ = {isa = PBXBuildFile; fileRef = 13BBF17C2480E50000A0602E /* CarplaySceneDelegate.swift */; };
/* End PBXBuildFile section */

/* Begin PBXFileReference section */
		13BBF1602480AA5700A0602E /* CarPlaySample.app */ = {isa = PBXFileReference; explicitFileType = wrapper.application; includeInIndex = 0; path = CarPlaySample.app; sourceTree = BUILT_PRODUCTS_DIR; };
		13BBF1632480AA5700A0602E /* AppDelegate.swift */ = {isa = PBXFileReference; lastKnownFileType = sourcecode.swift; path = AppDelegate.swift; sourceTree = "<group>"; };
		13BBF1652480AA5700A0602E /* SceneDelegate.swift */ = {isa = PBXFileReference; lastKnownFileType = sourcecode.swift; path = SceneDelegate.swift; sourceTree = "<group>"; };
		13BBF1672480AA5700A0602E /* ContentView.swift */ = {isa = PBXFileReference; lastKnownFileType = sourcecode.swift; path = ContentView.swift; sourceTree = "<group>"; };
		13BBF1692480AA5A00A0602E /* Assets.xcassets */ = {isa = PBXFileReference; lastKnownFileType = folder.assetcatalog; path = Assets.xcassets; sourceTree = "<group>"; };
		13BBF16C2480AA5A00A0602E /* Preview Assets.xcassets */ = {isa = PBXFileReference; lastKnownFileType = folder.assetcatalog; path = "Preview Assets.xcassets"; sourceTree = "<group>"; };
		13BBF16F2480AA5A00A0602E /* Base */ = {isa = PBXFileReference; lastKnownFileType = file.storyboard; name = Base; path = Base.lproj/LaunchScreen.storyboard; sourceTree = "<group>"; };
		13BBF1712480AA5A00A0602E /* Info.plist */ = {isa = PBXFileReference; lastKnownFileType = text.plist.xml; path = Info.plist; sourceTree = "<group>"; };
		13BBF1792480D36000A0602E /* CarPlaySample.entitlements */ = {isa = PBXFileReference; lastKnownFileType = text.plist.entitlements; path = CarPlaySample.entitlements; sourceTree = "<group>"; };
		13BBF17A2480E49700A0602E /* CarplayContentView.swift */ = {isa = PBXFileReference; lastKnownFileType = sourcecode.swift; path = CarplayContentView.swift; sourceTree = "<group>"; };
		13BBF17C2480E50000A0602E /* CarplaySceneDelegate.swift */ = {isa = PBXFileReference; lastKnownFileType = sourcecode.swift; path = CarplaySceneDelegate.swift; sourceTree = "<group>"; };
/* End PBXFileReference section */

/* Begin PBXFrameworksBuildPhase section */
		13BBF15D2480AA5700A0602E /* Frameworks */ = {
			isa = PBXFrameworksBuildPhase;
			buildActionMask = 2147483647;
			files = (
			);
			runOnlyForDeploymentPostprocessing = 0;
		};
/* End PBXFrameworksBuildPhase section */

/* Begin PBXGroup section */
		13BBF1572480AA5700A0602E = {
			isa = PBXGroup;
			children = (
				13BBF1622480AA5700A0602E /* CarPlaySample */,
				13BBF1612480AA5700A0602E /* Products */,
			);
			sourceTree = "<group>";
		};
		13BBF1612480AA5700A0602E /* Products */ = {
			isa = PBXGroup;
			children = (
				13BBF1602480AA5700A0602E /* CarPlaySample.app */,
			);
			name = Products;
			sourceTree = "<group>";
		};
		13BBF1622480AA5700A0602E /* CarPlaySample */ = {
			isa = PBXGroup;
			children = (
				13BBF1632480AA5700A0602E /* AppDelegate.swift */,
				13BBF17E2480E50400A0602E /* iPhone */,
				13BBF17F2480E50D00A0602E /* Car */,
				13BBF1802480E51A00A0602E /* Supporting Files */,
				13BBF16B2480AA5A00A0602E /* Preview Content */,
			);
			path = CarPlaySample;
			sourceTree = "<group>";
		};
		13BBF16B2480AA5A00A0602E /* Preview Content */ = {
			isa = PBXGroup;
			children = (
				13BBF16C2480AA5A00A0602E /* Preview Assets.xcassets */,
			);
			path = "Preview Content";
			sourceTree = "<group>";
		};
		13BBF17E2480E50400A0602E /* iPhone */ = {
			isa = PBXGroup;
			children = (
				13BBF1652480AA5700A0602E /* SceneDelegate.swift */,
				13BBF1672480AA5700A0602E /* ContentView.swift */,
			);
			path = iPhone;
			sourceTree = "<group>";
		};
		13BBF17F2480E50D00A0602E /* Car */ = {
			isa = PBXGroup;
			children = (
				13BBF17C2480E50000A0602E /* CarplaySceneDelegate.swift */,
				13BBF17A2480E49700A0602E /* CarplayContentView.swift */,
			);
			path = Car;
			sourceTree = "<group>";
		};
		13BBF1802480E51A00A0602E /* Supporting Files */ = {
			isa = PBXGroup;
			children = (
				13BBF1692480AA5A00A0602E /* Assets.xcassets */,
				13BBF16E2480AA5A00A0602E /* LaunchScreen.storyboard */,
				13BBF1712480AA5A00A0602E /* Info.plist */,
				13BBF1792480D36000A0602E /* CarPlaySample.entitlements */,
			);
			name = "Supporting Files";
			sourceTree = "<group>";
		};
/* End PBXGroup section */

/* Begin PBXNativeTarget section */
		13BBF15F2480AA5700A0602E /* CarPlaySample */ = {
			isa = PBXNativeTarget;
			buildConfigurationList = 13BBF1742480AA5A00A0602E /* Build configuration list for PBXNativeTarget "CarPlaySample" */;
			buildPhases = (
				13BBF15C2480AA5700A0602E /* Sources */,
				13BBF15D2480AA5700A0602E /* Frameworks */,
				13BBF15E2480AA5700A0602E /* Resources */,
			);
			buildRules = (
			);
			dependencies = (
			);
			name = CarPlaySample;
			productName = CarPlaySample;
			productReference = 13BBF1602480AA5700A0602E /* CarPlaySample.app */;
			productType = "com.apple.product-type.application";
		};
/* End PBXNativeTarget section */

/* Begin PBXProject section */
		13BBF1582480AA5700A0602E /* Project object */ = {
			isa = PBXProject;
			attributes = {
				LastSwiftUpdateCheck = 1150;
				LastUpgradeCheck = 1150;
				ORGANIZATIONNAME = "Watanabe Toshinori";
				TargetAttributes = {
					13BBF15F2480AA5700A0602E = {
						CreatedOnToolsVersion = 11.5;
					};
				};
			};
			buildConfigurationList = 13BBF15B2480AA5700A0602E /* Build configuration list for PBXProject "CarPlaySample" */;
			compatibilityVersion = "Xcode 9.3";
			developmentRegion = en;
			hasScannedForEncodings = 0;
			knownRegions = (
				en,
				Base,
			);
			mainGroup = 13BBF1572480AA5700A0602E;
			productRefGroup = 13BBF1612480AA5700A0602E /* Products */;
			projectDirPath = "";
			projectRoot = "";
			targets = (
				13BBF15F2480AA5700A0602E /* CarPlaySample */,
			);
		};
/* End PBXProject section */

/* Begin PBXResourcesBuildPhase section */
		13BBF15E2480AA5700A0602E /* Resources */ = {
			isa = PBXResourcesBuildPhase;
			buildActionMask = 2147483647;
			files = (
				13BBF1702480AA5A00A0602E /* LaunchScreen.storyboard in Resources */,
				13BBF16D2480AA5A00A0602E /* Preview Assets.xcassets in Resources */,
				13BBF16A2480AA5A00A0602E /* Assets.xcassets in Resources */,
			);
			runOnlyForDeploymentPostprocessing = 0;
		};
/* End PBXResourcesBuildPhase section */

/* Begin PBXSourcesBuildPhase section */
		13BBF15C2480AA5700A0602E /* Sources */ = {
			isa = PBXSourcesBuildPhase;
			buildActionMask = 2147483647;
			files = (
				13BBF1642480AA5700A0602E /* AppDelegate.swift in Sources */,
				13BBF17B2480E49700A0602E /* CarplayContentView.swift in Sources */,
				13BBF1662480AA5700A0602E /* SceneDelegate.swift in Sources */,
				13BBF1682480AA5700A0602E /* ContentView.swift in Sources */,
				13BBF17D2480E50000A0602E /* CarplaySceneDelegate.swift in Sources */,
			);
			runOnlyForDeploymentPostprocessing = 0;
		};
/* End PBXSourcesBuildPhase section */

/* Begin PBXVariantGroup section */
		13BBF16E2480AA5A00A0602E /* LaunchScreen.storyboard */ = {
			isa = PBXVariantGroup;
			children = (
				13BBF16F2480AA5A00A0602E /* Base */,
			);
			name = LaunchScreen.storyboard;
			sourceTree = "<group>";
		};
/* End PBXVariantGroup section */

/* Begin XCBuildConfiguration section */
		13BBF1722480AA5A00A0602E /* Debug */ = {
			isa = XCBuildConfiguration;
			buildSettings = {
				ALWAYS_SEARCH_USER_PATHS = NO;
				CLANG_ANALYZER_NONNULL = YES;
				CLANG_ANALYZER_NUMBER_OBJECT_CONVERSION = YES_AGGRESSIVE;
				CLANG_CXX_LANGUAGE_STANDARD = "gnu++14";
				CLANG_CXX_LIBRARY = "libc++";
				CLANG_ENABLE_MODULES = YES;
				CLANG_ENABLE_OBJC_ARC = YES;
				CLANG_ENABLE_OBJC_WEAK = YES;
				CLANG_WARN_BLOCK_CAPTURE_AUTORELEASING = YES;
				CLANG_WARN_BOOL_CONVERSION = YES;
				CLANG_WARN_COMMA = YES;
				CLANG_WARN_CONSTANT_CONVERSION = YES;
				CLANG_WARN_DEPRECATED_OBJC_IMPLEMENTATIONS = YES;
				CLANG_WARN_DIRECT_OBJC_ISA_USAGE = YES_ERROR;
				CLANG_WARN_DOCUMENTATION_COMMENTS = YES;
				CLANG_WARN_EMPTY_BODY = YES;
				CLANG_WARN_ENUM_CONVERSION = YES;
				CLANG_WARN_INFINITE_RECURSION = YES;
				CLANG_WARN_INT_CONVERSION = YES;
				CLANG_WARN_NON_LITERAL_NULL_CONVERSION = YES;
				CLANG_WARN_OBJC_IMPLICIT_RETAIN_SELF = YES;
				CLANG_WARN_OBJC_LITERAL_CONVERSION = YES;
				CLANG_WARN_OBJC_ROOT_CLASS = YES_ERROR;
				CLANG_WARN_RANGE_LOOP_ANALYSIS = YES;
				CLANG_WARN_STRICT_PROTOTYPES = YES;
				CLANG_WARN_SUSPICIOUS_MOVE = YES;
				CLANG_WARN_UNGUARDED_AVAILABILITY = YES_AGGRESSIVE;
				CLANG_WARN_UNREACHABLE_CODE = YES;
				CLANG_WARN__DUPLICATE_METHOD_MATCH = YES;
				COPY_PHASE_STRIP = NO;
				DEBUG_INFORMATION_FORMAT = dwarf;
				ENABLE_STRICT_OBJC_MSGSEND = YES;
				ENABLE_TESTABILITY = YES;
				GCC_C_LANGUAGE_STANDARD = gnu11;
				GCC_DYNAMIC_NO_PIC = NO;
				GCC_NO_COMMON_BLOCKS = YES;
				GCC_OPTIMIZATION_LEVEL = 0;
				GCC_PREPROCESSOR_DEFINITIONS = (
					"DEBUG=1",
					"$(inherited)",
				);
				GCC_WARN_64_TO_32_BIT_CONVERSION = YES;
				GCC_WARN_ABOUT_RETURN_TYPE = YES_ERROR;
				GCC_WARN_UNDECLARED_SELECTOR = YES;
				GCC_WARN_UNINITIALIZED_AUTOS = YES_AGGRESSIVE;
				GCC_WARN_UNUSED_FUNCTION = YES;
				GCC_WARN_UNUSED_VARIABLE = YES;
				IPHONEOS_DEPLOYMENT_TARGET = 13.5;
				MTL_ENABLE_DEBUG_INFO = INCLUDE_SOURCE;
				MTL_FAST_MATH = YES;
				ONLY_ACTIVE_ARCH = YES;
				SDKROOT = iphoneos;
				SWIFT_ACTIVE_COMPILATION_CONDITIONS = DEBUG;
				SWIFT_OPTIMIZATION_LEVEL = "-Onone";
			};
			name = Debug;
		};
		13BBF1732480AA5A00A0602E /* Release */ = {
			isa = XCBuildConfiguration;
			buildSettings = {
				ALWAYS_SEARCH_USER_PATHS = NO;
				CLANG_ANALYZER_NONNULL = YES;
				CLANG_ANALYZER_NUMBER_OBJECT_CONVERSION = YES_AGGRESSIVE;
				CLANG_CXX_LANGUAGE_STANDARD = "gnu++14";
				CLANG_CXX_LIBRARY = "libc++";
				CLANG_ENABLE_MODULES = YES;
				CLANG_ENABLE_OBJC_ARC = YES;
				CLANG_ENABLE_OBJC_WEAK = YES;
				CLANG_WARN_BLOCK_CAPTURE_AUTORELEASING = YES;
				CLANG_WARN_BOOL_CONVERSION = YES;
				CLANG_WARN_COMMA = YES;
				CLANG_WARN_CONSTANT_CONVERSION = YES;
				CLANG_WARN_DEPRECATED_OBJC_IMPLEMENTATIONS = YES;
				CLANG_WARN_DIRECT_OBJC_ISA_USAGE = YES_ERROR;
				CLANG_WARN_DOCUMENTATION_COMMENTS = YES;
				CLANG_WARN_EMPTY_BODY = YES;
				CLANG_WARN_ENUM_CONVERSION = YES;
				CLANG_WARN_INFINITE_RECURSION = YES;
				CLANG_WARN_INT_CONVERSION = YES;
				CLANG_WARN_NON_LITERAL_NULL_CONVERSION = YES;
				CLANG_WARN_OBJC_IMPLICIT_RETAIN_SELF = YES;
				CLANG_WARN_OBJC_LITERAL_CONVERSION = YES;
				CLANG_WARN_OBJC_ROOT_CLASS = YES_ERROR;
				CLANG_WARN_RANGE_LOOP_ANALYSIS = YES;
				CLANG_WARN_STRICT_PROTOTYPES = YES;
				CLANG_WARN_SUSPICIOUS_MOVE = YES;
				CLANG_WARN_UNGUARDED_AVAILABILITY = YES_AGGRESSIVE;
				CLANG_WARN_UNREACHABLE_CODE = YES;
				CLANG_WARN__DUPLICATE_METHOD_MATCH = YES;
				COPY_PHASE_STRIP = NO;
				DEBUG_INFORMATION_FORMAT = "dwarf-with-dsym";
				ENABLE_NS_ASSERTIONS = NO;
				ENABLE_STRICT_OBJC_MSGSEND = YES;
				GCC_C_LANGUAGE_STANDARD = gnu11;
				GCC_NO_COMMON_BLOCKS = YES;
				GCC_WARN_64_TO_32_BIT_CONVERSION = YES;
				GCC_WARN_ABOUT_RETURN_TYPE = YES_ERROR;
				GCC_WARN_UNDECLARED_SELECTOR = YES;
				GCC_WARN_UNINITIALIZED_AUTOS = YES_AGGRESSIVE;
				GCC_WARN_UNUSED_FUNCTION = YES;
				GCC_WARN_UNUSED_VARIABLE = YES;
				IPHONEOS_DEPLOYMENT_TARGET = 13.5;
				MTL_ENABLE_DEBUG_INFO = NO;
				MTL_FAST_MATH = YES;
				SDKROOT = iphoneos;
				SWIFT_COMPILATION_MODE = wholemodule;
				SWIFT_OPTIMIZATION_LEVEL = "-O";
				VALIDATE_PRODUCT = YES;
			};
			name = Release;
		};
		13BBF1752480AA5A00A0602E /* Debug */ = {
			isa = XCBuildConfiguration;
			buildSettings = {
				ASSETCATALOG_COMPILER_APPICON_NAME = AppIcon;
				CODE_SIGN_ENTITLEMENTS = CarPlaySample/CarPlaySample.entitlements;
				CODE_SIGN_STYLE = Manual;
				DEVELOPMENT_ASSET_PATHS = "\"CarPlaySample/Preview Content\"";
				DEVELOPMENT_TEAM = "";
				ENABLE_PREVIEWS = YES;
				INFOPLIST_FILE = CarPlaySample/Info.plist;
				LD_RUNPATH_SEARCH_PATHS = (
					"$(inherited)",
					"@executable_path/Frameworks",
				);
				MARKETING_VERSION = 1.0.0;
				PRODUCT_BUNDLE_IDENTIFIER = dev.yourcompany.CarPlaySample;
				PRODUCT_NAME = "$(TARGET_NAME)";
				PROVISIONING_PROFILE_SPECIFIER = "";
				SWIFT_VERSION = 5.0;
				TARGETED_DEVICE_FAMILY = "1,2";
			};
			name = Debug;
		};
		13BBF1762480AA5A00A0602E /* Release */ = {
			isa = XCBuildConfiguration;
			buildSettings = {
				ASSETCATALOG_COMPILER_APPICON_NAME = AppIcon;
				CODE_SIGN_ENTITLEMENTS = CarPlaySample/CarPlaySample.entitlements;
				CODE_SIGN_STYLE = Manual;
				DEVELOPMENT_ASSET_PATHS = "\"CarPlaySample/Preview Content\"";
				DEVELOPMENT_TEAM = "";
				ENABLE_PREVIEWS = YES;
				INFOPLIST_FILE = CarPlaySample/Info.plist;
				LD_RUNPATH_SEARCH_PATHS = (
					"$(inherited)",
					"@executable_path/Frameworks",
				);
				MARKETING_VERSION = 1.0.0;
				PRODUCT_BUNDLE_IDENTIFIER = dev.yourcompany.CarPlaySample;
				PRODUCT_NAME = "$(TARGET_NAME)";
				PROVISIONING_PROFILE_SPECIFIER = "";
				SWIFT_VERSION = 5.0;
				TARGETED_DEVICE_FAMILY = "1,2";
			};
			name = Release;
		};
/* End XCBuildConfiguration section */

/* Begin XCConfigurationList section */
		13BBF15B2480AA5700A0602E /* Build configuration list for PBXProject "CarPlaySample" */ = {
			isa = XCConfigurationList;
			buildConfigurations = (
				13BBF1722480AA5A00A0602E /* Debug */,
				13BBF1732480AA5A00A0602E /* Release */,
			);
			defaultConfigurationIsVisible = 0;
			defaultConfigurationName = Release;
		};
		13BBF1742480AA5A00A0602E /* Build configuration list for PBXNativeTarget "CarPlaySample" */ = {
			isa = XCConfigurationList;
			buildConfigurations = (
				13BBF1752480AA5A00A0602E /* Debug */,
				13BBF1762480AA5A00A0602E /* Release */,
			);
			defaultConfigurationIsVisible = 0;
			defaultConfigurationName = Release;
		};
/* End XCConfigurationList section */
	};
	rootObject = 13BBF1582480AA5700A0602E /* Project object */;
}
